Microsoft Visual Studio Solution File, Format Version 11.00
# Visual Studio 2010
Project("{FAE04EC0-301F-11D3-BF4B-00C04F79EFBC}") = "SocketBasedSubscriber", "SocketSubscriber\SocketBasedSubscriber.csproj", "{371C3C14-A0E3-4796-B11C-20C87F3AAC68}"
EndProject
Project("{FAE04EC0-301F-11D3-BF4B-00C04F79EFBC}") = "SocketBasedPubSubServer", "PubSubServer\SocketBasedPubSubServer.csproj", "{5E317D3F-08DB-40C1-A0EC-A6ADDA144906}"
EndProject
Project("{FAE04EC0-301F-11D3-BF4B-00C04F79EFBC}") = "MyMq", "MyMq\MyMq.csproj", "{D0B3028C-56DA-4183-92FA-0A4CEB799233}"
EndProject
Global
	GlobalSection(SolutionConfigurationPlatforms) = preSolution
		Debug|Any CPU = Debug|Any CPU
		Debug|Mixed Platforms = Debug|Mixed Platforms
		Debug|x86 = Debug|x86
		Release|Any CPU = Release|Any CPU
		Release|Mixed Platforms = Release|Mixed Platforms
		Release|x86 = Release|x86
	EndGlobalSection
	GlobalSection(ProjectConfigurationPlatforms) = postSolution
		{371C3C14-A0E3-4796-B11C-20C87F3AAC68}.Debug|Any CPU.ActiveCfg = Debug|Any CPU
		{371C3C14-A0E3-4796-B11C-20C87F3AAC68}.Debug|Any CPU.Build.0 = Debug|Any CPU
		{371C3C14-A0E3-4796-B11C-20C87F3AAC68}.Debug|Mixed Platforms.ActiveCfg = Debug|Any CPU
		{371C3C14-A0E3-4796-B11C-20C87F3AAC68}.Debug|Mixed Platforms.Build.0 = Debug|Any CPU
		{371C3C14-A0E3-4796-B11C-20C87F3AAC68}.Debug|x86.ActiveCfg = Debug|Any CPU
		{371C3C14-A0E3-4796-B11C-20C87F3AAC68}.Release|Any CPU.ActiveCfg = Release|Any CPU
		{371C3C14-A0E3-4796-B11C-20C87F3AAC68}.Release|Any CPU.Build.0 = Release|Any CPU
		{371C3C14-A0E3-4796-B11C-20C87F3AAC68}.Release|Mixed Platforms.ActiveCfg = Release|Any CPU
		{371C3C14-A0E3-4796-B11C-20C87F3AAC68}.Release|Mixed Platforms.Build.0 = Release|Any CPU
		{371C3C14-A0E3-4796-B11C-20C87F3AAC68}.Release|x86.ActiveCfg = Release|Any CPU
		{5E317D3F-08DB-40C1-A0EC-A6ADDA144906}.Debug|Any CPU.ActiveCfg = Debug|Any CPU
		{5E317D3F-08DB-40C1-A0EC-A6ADDA144906}.Debug|Any CPU.Build.0 = Debug|Any CPU
		{5E317D3F-08DB-40C1-A0EC-A6ADDA144906}.Debug|Mixed Platforms.ActiveCfg = Debug|Any CPU
		{5E317D3F-08DB-40C1-A0EC-A6ADDA144906}.Debug|Mixed Platforms.Build.0 = Debug|Any CPU
		{5E317D3F-08DB-40C1-A0EC-A6ADDA144906}.Debug|x86.ActiveCfg = Debug|Any CPU
		{5E317D3F-08DB-40C1-A0EC-A6ADDA144906}.Release|Any CPU.ActiveCfg = Release|Any CPU
		{5E317D3F-08DB-40C1-A0EC-A6ADDA144906}.Release|Any CPU.Build.0 = Release|Any CPU
		{5E317D3F-08DB-40C1-A0EC-A6ADDA144906}.Release|Mixed Platforms.ActiveCfg = Release|Any CPU
		{5E317D3F-08DB-40C1-A0EC-A6ADDA144906}.Release|Mixed Platforms.Build.0 = Release|Any CPU
		{5E317D3F-08DB-40C1-A0EC-A6ADDA144906}.Release|x86.ActiveCfg = Release|Any CPU
		{D0B3028C-56DA-4183-92FA-0A4CEB799233}.Debug|Any CPU.ActiveCfg = Debug|Any CPU
		{D0B3028C-56DA-4183-92FA-0A4CEB799233}.Debug|Any CPU.Build.0 = Debug|Any CPU
		{D0B3028C-56DA-4183-92FA-0A4CEB799233}.Debug|Mixed Platforms.ActiveCfg = Debug|Any CPU
		{D0B3028C-56DA-4183-92FA-0A4CEB799233}.Debug|Mixed Platforms.Build.0 = Debug|Any CPU
		{D0B3028C-56DA-4183-92FA-0A4CEB799233}.Debug|x86.ActiveCfg = Debug|Any CPU
		{D0B3028C-56DA-4183-92FA-0A4CEB799233}.Release|Any CPU.ActiveCfg = Release|Any CPU
		{D0B3028C-56DA-4183-92FA-0A4CEB799233}.Release|Any CPU.Build.0 = Release|Any CPU
		{D0B3028C-56DA-4183-92FA-0A4CEB799233}.Release|Mixed Platforms.ActiveCfg = Release|Any CPU
		{D0B3028C-56DA-4183-92FA-0A4CEB799233}.Release|Mixed Platforms.Build.0 = Release|Any CPU
		{D0B3028C-56DA-4183-92FA-0A4CEB799233}.Release|x86.ActiveCfg = Release|Any CPU
	EndGlobalSection
	GlobalSection(SolutionProperties) = preSolution
		HideSolutionNode = FALSE
	EndGlobalSection
EndGlobal
